
Microsoft Visual Studio Solution File, Format Version 12.00
# Visual Studio Version 17
VisualStudioVersion = 17.5.002.0
MinimumVisualStudioVersion = 10.0.40219.1
Project("{9A19103F-16F7-4668-BE54-9A1E7A4F7556}") = "TodoApi", "TodoApi.csproj", "{6EE6B4CB-938D-4ADE-AA08-60053618755E}"
EndProject
Global
	GlobalSection(SolutionConfigurationPlatforms) = preSolution
		Debug|Any CPU = Debug|Any CPU
		Release|Any CPU = Release|Any CPU
	EndGlobalSection
	GlobalSection(ProjectConfigurationPlatforms) = postSolution
		{6EE6B4CB-938D-4ADE-AA08-60053618755E}.Debug|Any CPU.ActiveCfg = Debug|Any CPU
		{6EE6B4CB-938D-4ADE-AA08-60053618755E}.Debug|Any CPU.Build.0 = Debug|Any CPU
		{6EE6B4CB-938D-4ADE-AA08-60053618755E}.Release|Any CPU.ActiveCfg = Release|Any CPU
		{6EE6B4CB-938D-4ADE-AA08-60053618755E}.Release|Any CPU.Build.0 = Release|Any CPU
	EndGlobalSection
	GlobalSection(SolutionProperties) = preSolution
		HideSolutionNode = FALSE
	EndGlobalSection
	GlobalSection(ExtensibilityGlobals) = postSolution
		SolutionGuid = {A7201138-5687-4FAD-95BF-F181304F32C0}
	EndGlobalSection
EndGlobal
